
Microsoft Visual Studio Solution File, Format Version 12.00
# Visual Studio 15
VisualStudioVersion = 15.0.28307.329
MinimumVisualStudioVersion = 10.0.40219.1
Project("{FAE04EC0-301F-11D3-BF4B-00C04F79EFBC}") = "WomenAccessoriesShop", "WomenAccessoriesShop\WomenAccessoriesShop.csproj", "{5EB6A5B5-C17A-48DC-A304-816D4D655446}"
EndProject
Global
	GlobalSection(SolutionConfigurationPlatforms) = preSolution
		Debug|Any CPU = Debug|Any CPU
		Release|Any CPU = Release|Any CPU
	EndGlobalSection
	GlobalSection(ProjectConfigurationPlatforms) = postSolution
		{5EB6A5B5-C17A-48DC-A304-816D4D655446}.Debug|Any CPU.ActiveCfg = Debug|Any CPU
		{5EB6A5B5-C17A-48DC-A304-816D4D655446}.Debug|Any CPU.Build.0 = Debug|Any CPU
		{5EB6A5B5-C17A-48DC-A304-816D4D655446}.Release|Any CPU.ActiveCfg = Release|Any CPU
		{5EB6A5B5-C17A-48DC-A304-816D4D655446}.Release|Any CPU.Build.0 = Release|Any CPU
	EndGlobalSection
	GlobalSection(SolutionProperties) = preSolution
		HideSolutionNode = FALSE
	EndGlobalSection
	GlobalSection(ExtensibilityGlobals) = postSolution
		SolutionGuid = {5D8B3D30-97AA-481C-8786-773BC1E5AF22}
	EndGlobalSection
EndGlobal
